// !$*UTF8*$!
{
	archiveVersion = 1;
	classes = {
	};
	objectVersion = 56;
	objects = {

/* Begin PBXBuildFile section */
		3F3B13272BDA179E0050E439 /* LandmarksApp.swift in Sources */ = {isa = PBXBuildFile; fileRef = 3F3B13262BDA179E0050E439 /* LandmarksApp.swift */; };
		3F3B13292BDA179E0050E439 /* ContentView.swift in Sources */ = {isa = PBXBuildFile; fileRef = 3F3B13282BDA179E0050E439 /* ContentView.swift */; };
		3F3B132B2BDA179E0050E439 /* Item.swift in Sources */ = {isa = PBXBuildFile; fileRef = 3F3B132A2BDA179E0050E439 /* Item.swift */; };
		3F3B132D2BDA179F0050E439 /* Assets.xcassets in Resources */ = {isa = PBXBuildFile; fileRef = 3F3B132C2BDA179F0050E439 /* Assets.xcassets */; };
		3F3B13302BDA179F0050E439 /* Preview Assets.xcassets in Resources */ = {isa = PBXBuildFile; fileRef = 3F3B132F2BDA179F0050E439 /* Preview Assets.xcassets */; };
		3F3B133A2BDA179F0050E439 /* LandmarksTests.swift in Sources */ = {isa = PBXBuildFile; fileRef = 3F3B13392BDA179F0050E439 /* LandmarksTests.swift */; };
		3F3B13442BDA179F0050E439 /* LandmarksUITests.swift in Sources */ = {isa = PBXBuildFile; fileRef = 3F3B13432BDA179F0050E439 /* LandmarksUITests.swift */; };
		3F3B13462BDA179F0050E439 /* LandmarksUITestsLaunchTests.swift in Sources */ = {isa = PBXBuildFile; fileRef = 3F3B13452BDA179F0050E439 /* LandmarksUITestsLaunchTests.swift */; };
		3F3B13532BDA1D2B0050E439 /* CircleImage.swift in Sources */ = {isa = PBXBuildFile; fileRef = 3F3B13522BDA1D2B0050E439 /* CircleImage.swift */; };
		3F3B13552BDA20D40050E439 /* MapView.swift in Sources */ = {isa = PBXBuildFile; fileRef = 3F3B13542BDA20D40050E439 /* MapView.swift */; };
		3F3B13572BDA23330050E439 /* landmarkData.json in Resources */ = {isa = PBXBuildFile; fileRef = 3F3B13562BDA23330050E439 /* landmarkData.json */; };
		3F3B13592BDA23620050E439 /* Landmark.swift in Sources */ = {isa = PBXBuildFile; fileRef = 3F3B13582BDA23620050E439 /* Landmark.swift */; };
		3F3B135B2BDA24620050E439 /* ModelData.swift in Sources */ = {isa = PBXBuildFile; fileRef = 3F3B135A2BDA24620050E439 /* ModelData.swift */; };
		3F3B13602BDA277F0050E439 /* LandmarkRow.swift in Sources */ = {isa = PBXBuildFile; fileRef = 3F3B135F2BDA277F0050E439 /* LandmarkRow.swift */; };
		3F6894D32BE471EC003109FD /* CategoryHome.swift in Sources */ = {isa = PBXBuildFile; fileRef = 3F6894D22BE471EC003109FD /* CategoryHome.swift */; };
		3F6894D52BE4725E003109FD /* CategoryRow.swift in Sources */ = {isa = PBXBuildFile; fileRef = 3F6894D42BE4725E003109FD /* CategoryRow.swift */; };
		3F9954E62BE35AF600582EEF /* LandmarkList.swift in Sources */ = {isa = PBXBuildFile; fileRef = 3F9954E52BE35AF600582EEF /* LandmarkList.swift */; };
		3F9954E82BE35BFC00582EEF /* LandmarkDetail.swift in Sources */ = {isa = PBXBuildFile; fileRef = 3F9954E72BE35BFC00582EEF /* LandmarkDetail.swift */; };
		3F9954EA2BE363CB00582EEF /* FavoriteButton.swift in Sources */ = {isa = PBXBuildFile; fileRef = 3F9954E92BE363CB00582EEF /* FavoriteButton.swift */; };
		3F9954F02BE3675300582EEF /* BadgeBackground.swift in Sources */ = {isa = PBXBuildFile; fileRef = 3F9954EF2BE3675300582EEF /* BadgeBackground.swift */; };
		3F9954F22BE3809200582EEF /* BadgeSymbol.swift in Sources */ = {isa = PBXBuildFile; fileRef = 3F9954F12BE3809200582EEF /* BadgeSymbol.swift */; };
		3F9954F42BE380DF00582EEF /* RotatedBadgeSymbol.swift in Sources */ = {isa = PBXBuildFile; fileRef = 3F9954F32BE380DF00582EEF /* RotatedBadgeSymbol.swift */; };
		3F9954F62BE380FC00582EEF /* Badge.swift in Sources */ = {isa = PBXBuildFile; fileRef = 3F9954F52BE380FC00582EEF /* Badge.swift */; };
		3F9954F92BE3819800582EEF /* HexagonParameters.swift in Sources */ = {isa = PBXBuildFile; fileRef = 3F9954F82BE3819800582EEF /* HexagonParameters.swift */; };
		3F9954FB2BE382F300582EEF /* hikeData.json in Resources */ = {isa = PBXBuildFile; fileRef = 3F9954FA2BE382F300582EEF /* hikeData.json */; };
		3F9954FD2BE3831D00582EEF /* Hike.swift in Sources */ = {isa = PBXBuildFile; fileRef = 3F9954FC2BE3831D00582EEF /* Hike.swift */; };
		3F9955032BE3836900582EEF /* GraphCapsule.swift in Sources */ = {isa = PBXBuildFile; fileRef = 3F9954FE2BE3836900582EEF /* GraphCapsule.swift */; };
		3F9955042BE3836900582EEF /* HikeDetail.swift in Sources */ = {isa = PBXBuildFile; fileRef = 3F9954FF2BE3836900582EEF /* HikeDetail.swift */; };
		3F9955052BE3836900582EEF /* HikeGraph.swift in Sources */ = {isa = PBXBuildFile; fileRef = 3F9955002BE3836900582EEF /* HikeGraph.swift */; };
		3F9955062BE3836900582EEF /* HikeView.swift in Sources */ = {isa = PBXBuildFile; fileRef = 3F9955012BE3836900582EEF /* HikeView.swift */; };
		3FD7BA0E2BE4751B00E0CA22 /* CategoryItem.swift in Sources */ = {isa = PBXBuildFile; fileRef = 3FD7BA0D2BE4751B00E0CA22 /* CategoryItem.swift */; };
		3FD7BA102BE4785F00E0CA22 /* Profile.swift in Sources */ = {isa = PBXBuildFile; fileRef = 3FD7BA0F2BE4785F00E0CA22 /* Profile.swift */; };
		3FD7BA132BE478B400E0CA22 /* ProfileHost.swift in Sources */ = {isa = PBXBuildFile; fileRef = 3FD7BA122BE478B400E0CA22 /* ProfileHost.swift */; };
		3FD7BA152BE478D000E0CA22 /* ProfileSummary.swift in Sources */ = {isa = PBXBuildFile; fileRef = 3FD7BA142BE478D000E0CA22 /* ProfileSummary.swift */; };
		3FD7BA172BE4792700E0CA22 /* HikeBadge.swift in Sources */ = {isa = PBXBuildFile; fileRef = 3FD7BA162BE4792700E0CA22 /* HikeBadge.swift */; };
/* End PBXBuildFile section */

/* Begin PBXContainerItemProxy section */
		3F3B13362BDA179F0050E439 /* PBXContainerItemProxy */ = {
			isa = PBXContainerItemProxy;
			containerPortal = 3F3B131B2BDA179E0050E439 /* Project object */;
			proxyType = 1;
			remoteGlobalIDString = 3F3B13222BDA179E0050E439;
			remoteInfo = Landmarks;
		};
		3F3B13402BDA179F0050E439 /* PBXContainerItemProxy */ = {
			isa = PBXContainerItemProxy;
			containerPortal = 3F3B131B2BDA179E0050E439 /* Project object */;
			proxyType = 1;
			remoteGlobalIDString = 3F3B13222BDA179E0050E439;
			remoteInfo = Landmarks;
		};
/* End PBXContainerItemProxy section */

/* Begin PBXFileReference section */
		3F3B13232BDA179E0050E439 /* Landmarks.app */ = {isa = PBXFileReference; explicitFileType = wrapper.application; includeInIndex = 0; path = Landmarks.app; sourceTree = BUILT_PRODUCTS_DIR; };
		3F3B13262BDA179E0050E439 /* LandmarksApp.swift */ = {isa = PBXFileReference; lastKnownFileType = sourcecode.swift; path = LandmarksApp.swift; sourceTree = "<group>"; };
		3F3B13282BDA179E0050E439 /* ContentView.swift */ = {isa = PBXFileReference; lastKnownFileType = sourcecode.swift; path = ContentView.swift; sourceTree = "<group>"; };
		3F3B132A2BDA179E0050E439 /* Item.swift */ = {isa = PBXFileReference; lastKnownFileType = sourcecode.swift; path = Item.swift; sourceTree = "<group>"; };
		3F3B132C2BDA179F0050E439 /* Assets.xcassets */ = {isa = PBXFileReference; lastKnownFileType = folder.assetcatalog; path = Assets.xcassets; sourceTree = "<group>"; };
		3F3B132F2BDA179F0050E439 /* Preview Assets.xcassets */ = {isa = PBXFileReference; lastKnownFileType = folder.assetcatalog; path = "Preview Assets.xcassets"; sourceTree = "<group>"; };
		3F3B13352BDA179F0050E439 /* LandmarksTests.xctest */ = {isa = PBXFileReference; explicitFileType = wrapper.cfbundle; includeInIndex = 0; path = LandmarksTests.xctest; sourceTree = BUILT_PRODUCTS_DIR; };
		3F3B13392BDA179F0050E439 /* LandmarksTests.swift */ = {isa = PBXFileReference; lastKnownFileType = sourcecode.swift; path = LandmarksTests.swift; sourceTree = "<group>"; };
		3F3B133F2BDA179F0050E439 /* LandmarksUITests.xctest */ = {isa = PBXFileReference; explicitFileType = wrapper.cfbundle; includeInIndex = 0; path = LandmarksUITests.xctest; sourceTree = BUILT_PRODUCTS_DIR; };
		3F3B13432BDA179F0050E439 /* LandmarksUITests.swift */ = {isa = PBXFileReference; lastKnownFileType = sourcecode.swift; path = LandmarksUITests.swift; sourceTree = "<group>"; };
		3F3B13452BDA179F0050E439 /* LandmarksUITestsLaunchTests.swift */ = {isa = PBXFileReference; lastKnownFileType = sourcecode.swift; path = LandmarksUITestsLaunchTests.swift; sourceTree = "<group>"; };
		3F3B13522BDA1D2B0050E439 /* CircleImage.swift */ = {isa = PBXFileReference; lastKnownFileType = sourcecode.swift; path = CircleImage.swift; sourceTree = "<group>"; };
		3F3B13542BDA20D40050E439 /* MapView.swift */ = {isa = PBXFileReference; lastKnownFileType = sourcecode.swift; path = MapView.swift; sourceTree = "<group>"; };
		3F3B13562BDA23330050E439 /* landmarkData.json */ = {isa = PBXFileReference; fileEncoding = 4; lastKnownFileType = text.json; path = landmarkData.json; sourceTree = "<group>"; };
		3F3B13582BDA23620050E439 /* Landmark.swift */ = {isa = PBXFileReference; lastKnownFileType = sourcecode.swift; path = Landmark.swift; sourceTree = "<group>"; };
		3F3B135A2BDA24620050E439 /* ModelData.swift */ = {isa = PBXFileReference; lastKnownFileType = sourcecode.swift; path = ModelData.swift; sourceTree = "<group>"; };
		3F3B135F2BDA277F0050E439 /* LandmarkRow.swift */ = {isa = PBXFileReference; lastKnownFileType = sourcecode.swift; path = LandmarkRow.swift; sourceTree = "<group>"; };
		3F6894D22BE471EC003109FD /* CategoryHome.swift */ = {isa = PBXFileReference; lastKnownFileType = sourcecode.swift; path = CategoryHome.swift; sourceTree = "<group>"; };
		3F6894D42BE4725E003109FD /* CategoryRow.swift */ = {isa = PBXFileReference; lastKnownFileType = sourcecode.swift; path = CategoryRow.swift; sourceTree = "<group>"; };
		3F9954E52BE35AF600582EEF /* LandmarkList.swift */ = {isa = PBXFileReference; lastKnownFileType = sourcecode.swift; path = LandmarkList.swift; sourceTree = "<group>"; };
		3F9954E72BE35BFC00582EEF /* LandmarkDetail.swift */ = {isa = PBXFileReference; lastKnownFileType = sourcecode.swift; path = LandmarkDetail.swift; sourceTree = "<group>"; };
		3F9954E92BE363CB00582EEF /* FavoriteButton.swift */ = {isa = PBXFileReference; lastKnownFileType = sourcecode.swift; path = FavoriteButton.swift; sourceTree = "<group>"; };
		3F9954EF2BE3675300582EEF /* BadgeBackground.swift */ = {isa = PBXFileReference; lastKnownFileType = sourcecode.swift; path = BadgeBackground.swift; sourceTree = "<group>"; };
		3F9954F12BE3809200582EEF /* BadgeSymbol.swift */ = {isa = PBXFileReference; lastKnownFileType = sourcecode.swift; path = BadgeSymbol.swift; sourceTree = "<group>"; };
		3F9954F32BE380DF00582EEF /* RotatedBadgeSymbol.swift */ = {isa = PBXFileReference; lastKnownFileType = sourcecode.swift; path = RotatedBadgeSymbol.swift; sourceTree = "<group>"; };
		3F9954F52BE380FC00582EEF /* Badge.swift */ = {isa = PBXFileReference; lastKnownFileType = sourcecode.swift; path = Badge.swift; sourceTree = "<group>"; };
		3F9954F82BE3819800582EEF /* HexagonParameters.swift */ = {isa = PBXFileReference; lastKnownFileType = sourcecode.swift; path = HexagonParameters.swift; sourceTree = "<group>"; };
		3F9954FA2BE382F300582EEF /* hikeData.json */ = {isa = PBXFileReference; fileEncoding = 4; lastKnownFileType = text.json; path = hikeData.json; sourceTree = "<group>"; };
		3F9954FC2BE3831D00582EEF /* Hike.swift */ = {isa = PBXFileReference; lastKnownFileType = sourcecode.swift; path = Hike.swift; sourceTree = "<group>"; };
		3F9954FE2BE3836900582EEF /* GraphCapsule.swift */ = {isa = PBXFileReference; fileEncoding = 4; lastKnownFileType = sourcecode.swift; path = GraphCapsule.swift; sourceTree = "<group>"; };
		3F9954FF2BE3836900582EEF /* HikeDetail.swift */ = {isa = PBXFileReference; fileEncoding = 4; lastKnownFileType = sourcecode.swift; path = HikeDetail.swift; sourceTree = "<group>"; };
		3F9955002BE3836900582EEF /* HikeGraph.swift */ = {isa = PBXFileReference; fileEncoding = 4; lastKnownFileType = sourcecode.swift; path = HikeGraph.swift; sourceTree = "<group>"; };
		3F9955012BE3836900582EEF /* HikeView.swift */ = {isa = PBXFileReference; fileEncoding = 4; lastKnownFileType = sourcecode.swift; path = HikeView.swift; sourceTree = "<group>"; };
		3FD7BA0D2BE4751B00E0CA22 /* CategoryItem.swift */ = {isa = PBXFileReference; lastKnownFileType = sourcecode.swift; path = CategoryItem.swift; sourceTree = "<group>"; };
		3FD7BA0F2BE4785F00E0CA22 /* Profile.swift */ = {isa = PBXFileReference; lastKnownFileType = sourcecode.swift; path = Profile.swift; sourceTree = "<group>"; };
		3FD7BA122BE478B400E0CA22 /* ProfileHost.swift */ = {isa = PBXFileReference; lastKnownFileType = sourcecode.swift; path = ProfileHost.swift; sourceTree = "<group>"; };
		3FD7BA142BE478D000E0CA22 /* ProfileSummary.swift */ = {isa = PBXFileReference; lastKnownFileType = sourcecode.swift; path = ProfileSummary.swift; sourceTree = "<group>"; };
		3FD7BA162BE4792700E0CA22 /* HikeBadge.swift */ = {isa = PBXFileReference; lastKnownFileType = sourcecode.swift; path = HikeBadge.swift; sourceTree = "<group>"; };
/* End PBXFileReference section */

/* Begin PBXFrameworksBuildPhase section */
		3F3B13202BDA179E0050E439 /* Frameworks */ = {
			isa = PBXFrameworksBuildPhase;
			buildActionMask = 2147483647;
			files = (
			);
			runOnlyForDeploymentPostprocessing = 0;
		};
		3F3B13322BDA179F0050E439 /* Frameworks */ = {
			isa = PBXFrameworksBuildPhase;
			buildActionMask = 2147483647;
			files = (
			);
			runOnlyForDeploymentPostprocessing = 0;
		};
		3F3B133C2BDA179F0050E439 /* Frameworks */ = {
			isa = PBXFrameworksBuildPhase;
			buildActionMask = 2147483647;
			files = (
			);
			runOnlyForDeploymentPostprocessing = 0;
		};
/* End PBXFrameworksBuildPhase section */

/* Begin PBXGroup section */
		3F3B131A2BDA179E0050E439 = {
			isa = PBXGroup;
			children = (
				3F3B13252BDA179E0050E439 /* Landmarks */,
				3F3B13382BDA179F0050E439 /* LandmarksTests */,
				3F3B13422BDA179F0050E439 /* LandmarksUITests */,
				3F3B13242BDA179E0050E439 /* Products */,
			);
			sourceTree = "<group>";
		};
		3F3B13242BDA179E0050E439 /* Products */ = {
			isa = PBXGroup;
			children = (
				3F3B13232BDA179E0050E439 /* Landmarks.app */,
				3F3B13352BDA179F0050E439 /* LandmarksTests.xctest */,
				3F3B133F2BDA179F0050E439 /* LandmarksUITests.xctest */,
			);
			name = Products;
			sourceTree = "<group>";
		};
		3F3B13252BDA179E0050E439 /* Landmarks */ = {
			isa = PBXGroup;
			children = (
				3F3B13262BDA179E0050E439 /* LandmarksApp.swift */,
				3F3B132A2BDA179E0050E439 /* Item.swift */,
				3F3B135E2BDA275A0050E439 /* Resources */,
				3F3B132C2BDA179F0050E439 /* Assets.xcassets */,
				3F3B135D2BDA27290050E439 /* Model */,
				3F3B135C2BDA24EF0050E439 /* Views */,
				3F3B132E2BDA179F0050E439 /* Preview Content */,
			);
			path = Landmarks;
			sourceTree = "<group>";
		};
		3F3B132E2BDA179F0050E439 /* Preview Content */ = {
			isa = PBXGroup;
			children = (
				3F3B132F2BDA179F0050E439 /* Preview Assets.xcassets */,
			);
			path = "Preview Content";
			sourceTree = "<group>";
		};
		3F3B13382BDA179F0050E439 /* LandmarksTests */ = {
			isa = PBXGroup;
			children = (
				3F3B13392BDA179F0050E439 /* LandmarksTests.swift */,
			);
			path = LandmarksTests;
			sourceTree = "<group>";
		};
		3F3B13422BDA179F0050E439 /* LandmarksUITests */ = {
			isa = PBXGroup;
			children = (
				3F3B13432BDA179F0050E439 /* LandmarksUITests.swift */,
				3F3B13452BDA179F0050E439 /* LandmarksUITestsLaunchTests.swift */,
			);
			path = LandmarksUITests;
			sourceTree = "<group>";
		};
		3F3B135C2BDA24EF0050E439 /* Views */ = {
			isa = PBXGroup;
			children = (
				3F3B13282BDA179E0050E439 /* ContentView.swift */,
				3F9954EB2BE3640F00582EEF /* Landmarks */,
				3F9954EC2BE3644100582EEF /* Helper */,
				3F9954F72BE3811F00582EEF /* Badges */,
				3F6894D22BE471EC003109FD /* CategoryHome.swift */,
				3F6894D42BE4725E003109FD /* CategoryRow.swift */,
				3FD7BA0D2BE4751B00E0CA22 /* CategoryItem.swift */,
			);
			path = Views;
			sourceTree = "<group>";
		};
		3F3B135D2BDA27290050E439 /* Model */ = {
			isa = PBXGroup;
			children = (
				3FD7BA112BE4789F00E0CA22 /* Profile */,
				3F3B13582BDA23620050E439 /* Landmark.swift */,
				3F3B135A2BDA24620050E439 /* ModelData.swift */,
				3F9954FC2BE3831D00582EEF /* Hike.swift */,
			);
			path = Model;
			sourceTree = "<group>";
		};
		3F3B135E2BDA275A0050E439 /* Resources */ = {
			isa = PBXGroup;
			children = (
				3F3B13562BDA23330050E439 /* landmarkData.json */,
				3F9954FA2BE382F300582EEF /* hikeData.json */,
				3F9955022BE3836900582EEF /* Hikes */,
			);
			path = Resources;
			sourceTree = "<group>";
		};
		3F9954EB2BE3640F00582EEF /* Landmarks */ = {
			isa = PBXGroup;
			children = (
				3F9954E52BE35AF600582EEF /* LandmarkList.swift */,
				3F3B135F2BDA277F0050E439 /* LandmarkRow.swift */,
				3F9954E72BE35BFC00582EEF /* LandmarkDetail.swift */,
			);
			path = Landmarks;
			sourceTree = "<group>";
		};
		3F9954EC2BE3644100582EEF /* Helper */ = {
			isa = PBXGroup;
			children = (
				3F3B13522BDA1D2B0050E439 /* CircleImage.swift */,
				3F3B13542BDA20D40050E439 /* MapView.swift */,
				3F9954E92BE363CB00582EEF /* FavoriteButton.swift */,
			);
			path = Helper;
			sourceTree = "<group>";
		};
		3F9954F72BE3811F00582EEF /* Badges */ = {
			isa = PBXGroup;
			children = (
				3F9954F82BE3819800582EEF /* HexagonParameters.swift */,
				3F9954EF2BE3675300582EEF /* BadgeBackground.swift */,
				3F9954F12BE3809200582EEF /* BadgeSymbol.swift */,
				3F9954F32BE380DF00582EEF /* RotatedBadgeSymbol.swift */,
				3F9954F52BE380FC00582EEF /* Badge.swift */,
				3FD7BA162BE4792700E0CA22 /* HikeBadge.swift */,
			);
			path = Badges;
			sourceTree = "<group>";
		};
		3F9955022BE3836900582EEF /* Hikes */ = {
			isa = PBXGroup;
			children = (
				3F9954FE2BE3836900582EEF /* GraphCapsule.swift */,
				3F9954FF2BE3836900582EEF /* HikeDetail.swift */,
				3F9955002BE3836900582EEF /* HikeGraph.swift */,
				3F9955012BE3836900582EEF /* HikeView.swift */,
			);
			path = Hikes;
			sourceTree = "<group>";
		};
		3FD7BA112BE4789F00E0CA22 /* Profile */ = {
			isa = PBXGroup;
			children = (
				3FD7BA0F2BE4785F00E0CA22 /* Profile.swift */,
				3FD7BA122BE478B400E0CA22 /* ProfileHost.swift */,
				3FD7BA142BE478D000E0CA22 /* ProfileSummary.swift */,
			);
			path = Profile;
			sourceTree = "<group>";
		};
/* End PBXGroup section */

/* Begin PBXNativeTarget section */
		3F3B13222BDA179E0050E439 /* Landmarks */ = {
			isa = PBXNativeTarget;
			buildConfigurationList = 3F3B13492BDA179F0050E439 /* Build configuration list for PBXNativeTarget "Landmarks" */;
			buildPhases = (
				3F3B131F2BDA179E0050E439 /* Sources */,
				3F3B13202BDA179E0050E439 /* Frameworks */,
				3F3B13212BDA179E0050E439 /* Resources */,
			);
			buildRules = (
			);
			dependencies = (
			);
			name = Landmarks;
			productName = Landmarks;
			productReference = 3F3B13232BDA179E0050E439 /* Landmarks.app */;
			productType = "com.apple.product-type.application";
		};
		3F3B13342BDA179F0050E439 /* LandmarksTests */ = {
			isa = PBXNativeTarget;
			buildConfigurationList = 3F3B134C2BDA179F0050E439 /* Build configuration list for PBXNativeTarget "LandmarksTests" */;
			buildPhases = (
				3F3B13312BDA179F0050E439 /* Sources */,
				3F3B13322BDA179F0050E439 /* Frameworks */,
				3F3B13332BDA179F0050E439 /* Resources */,
			);
			buildRules = (
			);
			dependencies = (
				3F3B13372BDA179F0050E439 /* PBXTargetDependency */,
			);
			name = LandmarksTests;
			productName = LandmarksTests;
			productReference = 3F3B13352BDA179F0050E439 /* LandmarksTests.xctest */;
			productType = "com.apple.product-type.bundle.unit-test";
		};
		3F3B133E2BDA179F0050E439 /* LandmarksUITests */ = {
			isa = PBXNativeTarget;
			buildConfigurationList = 3F3B134F2BDA179F0050E439 /* Build configuration list for PBXNativeTarget "LandmarksUITests" */;
			buildPhases = (
				3F3B133B2BDA179F0050E439 /* Sources */,
				3F3B133C2BDA179F0050E439 /* Frameworks */,
				3F3B133D2BDA179F0050E439 /* Resources */,
			);
			buildRules = (
			);
			dependencies = (
				3F3B13412BDA179F0050E439 /* PBXTargetDependency */,
			);
			name = LandmarksUITests;
			productName = LandmarksUITests;
			productReference = 3F3B133F2BDA179F0050E439 /* LandmarksUITests.xctest */;
			productType = "com.apple.product-type.bundle.ui-testing";
		};
/* End PBXNativeTarget section */

/* Begin PBXProject section */
		3F3B131B2BDA179E0050E439 /* Project object */ = {
			isa = PBXProject;
			attributes = {
				BuildIndependentTargetsInParallel = 1;
				LastSwiftUpdateCheck = 1530;
				LastUpgradeCheck = 1530;
				TargetAttributes = {
					3F3B13222BDA179E0050E439 = {
						CreatedOnToolsVersion = 15.3;
					};
					3F3B13342BDA179F0050E439 = {
						CreatedOnToolsVersion = 15.3;
						TestTargetID = 3F3B13222BDA179E0050E439;
					};
					3F3B133E2BDA179F0050E439 = {
						CreatedOnToolsVersion = 15.3;
						TestTargetID = 3F3B13222BDA179E0050E439;
					};
				};
			};
			buildConfigurationList = 3F3B131E2BDA179E0050E439 /* Build configuration list for PBXProject "Landmarks" */;
			compatibilityVersion = "Xcode 14.0";
			developmentRegion = en;
			hasScannedForEncodings = 0;
			knownRegions = (
				en,
				Base,
			);
			mainGroup = 3F3B131A2BDA179E0050E439;
			productRefGroup = 3F3B13242BDA179E0050E439 /* Products */;
			projectDirPath = "";
			projectRoot = "";
			targets = (
				3F3B13222BDA179E0050E439 /* Landmarks */,
				3F3B13342BDA179F0050E439 /* LandmarksTests */,
				3F3B133E2BDA179F0050E439 /* LandmarksUITests */,
			);
		};
/* End PBXProject section */

/* Begin PBXResourcesBuildPhase section */
		3F3B13212BDA179E0050E439 /* Resources */ = {
			isa = PBXResourcesBuildPhase;
			buildActionMask = 2147483647;
			files = (
				3F9954FB2BE382F300582EEF /* hikeData.json in Resources */,
				3F3B13302BDA179F0050E439 /* Preview Assets.xcassets in Resources */,
				3F3B132D2BDA179F0050E439 /* Assets.xcassets in Resources */,
				3F3B13572BDA23330050E439 /* landmarkData.json in Resources */,
			);
			runOnlyForDeploymentPostprocessing = 0;
		};
		3F3B13332BDA179F0050E439 /* Resources */ = {
			isa = PBXResourcesBuildPhase;
			buildActionMask = 2147483647;
			files = (
			);
			runOnlyForDeploymentPostprocessing = 0;
		};
		3F3B133D2BDA179F0050E439 /* Resources */ = {
			isa = PBXResourcesBuildPhase;
			buildActionMask = 2147483647;
			files = (
			);
			runOnlyForDeploymentPostprocessing = 0;
		};
/* End PBXResourcesBuildPhase section */

/* Begin PBXSourcesBuildPhase section */
		3F3B131F2BDA179E0050E439 /* Sources */ = {
			isa = PBXSourcesBuildPhase;
			buildActionMask = 2147483647;
			files = (
				3F9954FD2BE3831D00582EEF /* Hike.swift in Sources */,
				3F3B135B2BDA24620050E439 /* ModelData.swift in Sources */,
				3F3B13292BDA179E0050E439 /* ContentView.swift in Sources */,
				3F3B13532BDA1D2B0050E439 /* CircleImage.swift in Sources */,
				3F6894D32BE471EC003109FD /* CategoryHome.swift in Sources */,
				3FD7BA132BE478B400E0CA22 /* ProfileHost.swift in Sources */,
				3FD7BA172BE4792700E0CA22 /* HikeBadge.swift in Sources */,
				3F3B13552BDA20D40050E439 /* MapView.swift in Sources */,
				3F6894D52BE4725E003109FD /* CategoryRow.swift in Sources */,
				3F9954F92BE3819800582EEF /* HexagonParameters.swift in Sources */,
				3F9954E62BE35AF600582EEF /* LandmarkList.swift in Sources */,
				3F9955042BE3836900582EEF /* HikeDetail.swift in Sources */,
				3FD7BA152BE478D000E0CA22 /* ProfileSummary.swift in Sources */,
				3FD7BA0E2BE4751B00E0CA22 /* CategoryItem.swift in Sources */,
				3F3B132B2BDA179E0050E439 /* Item.swift in Sources */,
				3F3B13272BDA179E0050E439 /* LandmarksApp.swift in Sources */,
				3F9954F22BE3809200582EEF /* BadgeSymbol.swift in Sources */,
				3F9954F42BE380DF00582EEF /* RotatedBadgeSymbol.swift in Sources */,
				3F9954F62BE380FC00582EEF /* Badge.swift in Sources */,
				3FD7BA102BE4785F00E0CA22 /* Profile.swift in Sources */,
				3F9955052BE3836900582EEF /* HikeGraph.swift in Sources */,
				3F3B13602BDA277F0050E439 /* LandmarkRow.swift in Sources */,
				3F9954F02BE3675300582EEF /* BadgeBackground.swift in Sources */,
				3F9955062BE3836900582EEF /* HikeView.swift in Sources */,
				3F9955032BE3836900582EEF /* GraphCapsule.swift in Sources */,
				3F9954E82BE35BFC00582EEF /* LandmarkDetail.swift in Sources */,
				3F9954EA2BE363CB00582EEF /* FavoriteButton.swift in Sources */,
				3F3B13592BDA23620050E439 /* Landmark.swift in Sources */,
			);
			runOnlyForDeploymentPostprocessing = 0;
		};
		3F3B13312BDA179F0050E439 /* Sources */ = {
			isa = PBXSourcesBuildPhase;
			buildActionMask = 2147483647;
			files = (
				3F3B133A2BDA179F0050E439 /* LandmarksTests.swift in Sources */,
			);
			runOnlyForDeploymentPostprocessing = 0;
		};
		3F3B133B2BDA179F0050E439 /* Sources */ = {
			isa = PBXSourcesBuildPhase;
			buildActionMask = 2147483647;
			files = (
				3F3B13462BDA179F0050E439 /* LandmarksUITestsLaunchTests.swift in Sources */,
				3F3B13442BDA179F0050E439 /* LandmarksUITests.swift in Sources */,
			);
			runOnlyForDeploymentPostprocessing = 0;
		};
/* End PBXSourcesBuildPhase section */

/* Begin PBXTargetDependency section */
		3F3B13372BDA179F0050E439 /* PBXTargetDependency */ = {
			isa = PBXTargetDependency;
			target = 3F3B13222BDA179E0050E439 /* Landmarks */;
			targetProxy = 3F3B13362BDA179F0050E439 /* PBXContainerItemProxy */;
		};
		3F3B13412BDA179F0050E439 /* PBXTargetDependency */ = {
			isa = PBXTargetDependency;
			target = 3F3B13222BDA179E0050E439 /* Landmarks */;
			targetProxy = 3F3B13402BDA179F0050E439 /* PBXContainerItemProxy */;
		};
/* End PBXTargetDependency section */

/* Begin XCBuildConfiguration section */
		3F3B13472BDA179F0050E439 /* Debug */ = {
			isa = XCBuildConfiguration;
			buildSettings = {
				ALWAYS_SEARCH_USER_PATHS = NO;
				ASSETCATALOG_COMPILER_GENERATE_SWIFT_ASSET_SYMBOL_EXTENSIONS = YES;
				CLANG_ANALYZER_NONNULL = YES;
				CLANG_ANALYZER_NUMBER_OBJECT_CONVERSION = YES_AGGRESSIVE;
				CLANG_CXX_LANGUAGE_STANDARD = "gnu++20";
				CLANG_ENABLE_MODULES = YES;
				CLANG_ENABLE_OBJC_ARC = YES;
				CLANG_ENABLE_OBJC_WEAK = YES;
				CLANG_WARN_BLOCK_CAPTURE_AUTORELEASING = YES;
				CLANG_WARN_BOOL_CONVERSION = YES;
				CLANG_WARN_COMMA = YES;
				CLANG_WARN_CONSTANT_CONVERSION = YES;
				CLANG_WARN_DEPRECATED_OBJC_IMPLEMENTATIONS = YES;
				CLANG_WARN_DIRECT_OBJC_ISA_USAGE = YES_ERROR;
				CLANG_WARN_DOCUMENTATION_COMMENTS = YES;
				CLANG_WARN_EMPTY_BODY = YES;
				CLANG_WARN_ENUM_CONVERSION = YES;
				CLANG_WARN_INFINITE_RECURSION = YES;
				CLANG_WARN_INT_CONVERSION = YES;
				CLANG_WARN_NON_LITERAL_NULL_CONVERSION = YES;
				CLANG_WARN_OBJC_IMPLICIT_RETAIN_SELF = YES;
				CLANG_WARN_OBJC_LITERAL_CONVERSION = YES;
				CLANG_WARN_OBJC_ROOT_CLASS = YES_ERROR;
				CLANG_WARN_QUOTED_INCLUDE_IN_FRAMEWORK_HEADER = YES;
				CLANG_WARN_RANGE_LOOP_ANALYSIS = YES;
				CLANG_WARN_STRICT_PROTOTYPES = YES;
				CLANG_WARN_SUSPICIOUS_MOVE = YES;
				CLANG_WARN_UNGUARDED_AVAILABILITY = YES_AGGRESSIVE;
				CLANG_WARN_UNREACHABLE_CODE = YES;
				CLANG_WARN__DUPLICATE_METHOD_MATCH = YES;
				COPY_PHASE_STRIP = NO;
				DEBUG_INFORMATION_FORMAT = dwarf;
				ENABLE_STRICT_OBJC_MSGSEND = YES;
				ENABLE_TESTABILITY = YES;
				ENABLE_USER_SCRIPT_SANDBOXING = YES;
				GCC_C_LANGUAGE_STANDARD = gnu17;
				GCC_DYNAMIC_NO_PIC = NO;
				GCC_NO_COMMON_BLOCKS = YES;
				GCC_OPTIMIZATION_LEVEL = 0;
				GCC_PREPROCESSOR_DEFINITIONS = (
					"DEBUG=1",
					"$(inherited)",
				);
				GCC_WARN_64_TO_32_BIT_CONVERSION = YES;
				GCC_WARN_ABOUT_RETURN_TYPE = YES_ERROR;
				GCC_WARN_UNDECLARED_SELECTOR = YES;
				GCC_WARN_UNINITIALIZED_AUTOS = YES_AGGRESSIVE;
				GCC_WARN_UNUSED_FUNCTION = YES;
				GCC_WARN_UNUSED_VARIABLE = YES;
				IPHONEOS_DEPLOYMENT_TARGET = 17.4;
				LOCALIZATION_PREFERS_STRING_CATALOGS = YES;
				MTL_ENABLE_DEBUG_INFO = INCLUDE_SOURCE;
				MTL_FAST_MATH = YES;
				ONLY_ACTIVE_ARCH = YES;
				SDKROOT = iphoneos;
				SWIFT_ACTIVE_COMPILATION_CONDITIONS = "DEBUG $(inherited)";
				SWIFT_OPTIMIZATION_LEVEL = "-Onone";
			};
			name = Debug;
		};
		3F3B13482BDA179F0050E439 /* Release */ = {
			isa = XCBuildConfiguration;
			buildSettings = {
				ALWAYS_SEARCH_USER_PATHS = NO;
				ASSETCATALOG_COMPILER_GENERATE_SWIFT_ASSET_SYMBOL_EXTENSIONS = YES;
				CLANG_ANALYZER_NONNULL = YES;
				CLANG_ANALYZER_NUMBER_OBJECT_CONVERSION = YES_AGGRESSIVE;
				CLANG_CXX_LANGUAGE_STANDARD = "gnu++20";
				CLANG_ENABLE_MODULES = YES;
				CLANG_ENABLE_OBJC_ARC = YES;
				CLANG_ENABLE_OBJC_WEAK = YES;
				CLANG_WARN_BLOCK_CAPTURE_AUTORELEASING = YES;
				CLANG_WARN_BOOL_CONVERSION = YES;
				CLANG_WARN_COMMA = YES;
				CLANG_WARN_CONSTANT_CONVERSION = YES;
				CLANG_WARN_DEPRECATED_OBJC_IMPLEMENTATIONS = YES;
				CLANG_WARN_DIRECT_OBJC_ISA_USAGE = YES_ERROR;
				CLANG_WARN_DOCUMENTATION_COMMENTS = YES;
				CLANG_WARN_EMPTY_BODY = YES;
				CLANG_WARN_ENUM_CONVERSION = YES;
				CLANG_WARN_INFINITE_RECURSION = YES;
				CLANG_WARN_INT_CONVERSION = YES;
				CLANG_WARN_NON_LITERAL_NULL_CONVERSION = YES;
				CLANG_WARN_OBJC_IMPLICIT_RETAIN_SELF = YES;
				CLANG_WARN_OBJC_LITERAL_CONVERSION = YES;
				CLANG_WARN_OBJC_ROOT_CLASS = YES_ERROR;
				CLANG_WARN_QUOTED_INCLUDE_IN_FRAMEWORK_HEADER = YES;
				CLANG_WARN_RANGE_LOOP_ANALYSIS = YES;
				CLANG_WARN_STRICT_PROTOTYPES = YES;
				CLANG_WARN_SUSPICIOUS_MOVE = YES;
				CLANG_WARN_UNGUARDED_AVAILABILITY = YES_AGGRESSIVE;
				CLANG_WARN_UNREACHABLE_CODE = YES;
				CLANG_WARN__DUPLICATE_METHOD_MATCH = YES;
				COPY_PHASE_STRIP = NO;
				DEBUG_INFORMATION_FORMAT = "dwarf-with-dsym";
				ENABLE_NS_ASSERTIONS = NO;
				ENABLE_STRICT_OBJC_MSGSEND = YES;
				ENABLE_USER_SCRIPT_SANDBOXING = YES;
				GCC_C_LANGUAGE_STANDARD = gnu17;
				GCC_NO_COMMON_BLOCKS = YES;
				GCC_WARN_64_TO_32_BIT_CONVERSION = YES;
				GCC_WARN_ABOUT_RETURN_TYPE = YES_ERROR;
				GCC_WARN_UNDECLARED_SELECTOR = YES;
				GCC_WARN_UNINITIALIZED_AUTOS = YES_AGGRESSIVE;
				GCC_WARN_UNUSED_FUNCTION = YES;
				GCC_WARN_UNUSED_VARIABLE = YES;
				IPHONEOS_DEPLOYMENT_TARGET = 17.4;
				LOCALIZATION_PREFERS_STRING_CATALOGS = YES;
				MTL_ENABLE_DEBUG_INFO = NO;
				MTL_FAST_MATH = YES;
				SDKROOT = iphoneos;
				SWIFT_COMPILATION_MODE = wholemodule;
				VALIDATE_PRODUCT = YES;
			};
			name = Release;
		};
		3F3B134A2BDA179F0050E439 /* Debug */ = {
			isa = XCBuildConfiguration;
			buildSettings = {
				ASSETCATALOG_COMPILER_APPICON_NAME = AppIcon;
				ASSETCATALOG_COMPILER_GLOBAL_ACCENT_COLOR_NAME = AccentColor;
				CODE_SIGN_STYLE = Automatic;
				CURRENT_PROJECT_VERSION = 1;
				DEVELOPMENT_ASSET_PATHS = "\"Landmarks/Preview Content\"";
				ENABLE_PREVIEWS = YES;
				GENERATE_INFOPLIST_FILE = YES;
				INFOPLIST_KEY_UIApplicationSceneManifest_Generation = YES;
				INFOPLIST_KEY_UIApplicationSupportsIndirectInputEvents = YES;
				INFOPLIST_KEY_UILaunchScreen_Generation = YES;
				INFOPLIST_KEY_UISupportedInterfaceOrientations_iPad = "UIInterfaceOrientationPortrait UIInterfaceOrientationPortraitUpsideDown UIInterfaceOrientationLandscapeLeft UIInterfaceOrientationLandscapeRight";
				INFOPLIST_KEY_UISupportedInterfaceOrientations_iPhone = "UIInterfaceOrientationPortrait UIInterfaceOrientationLandscapeLeft UIInterfaceOrientationLandscapeRight";
				LD_RUNPATH_SEARCH_PATHS = (
					"$(inherited)",
					"@executable_path/Frameworks",
				);
				MARKETING_VERSION = 1.0;
				PRODUCT_BUNDLE_IDENTIFIER = Tutor.Landmarks;
				PRODUCT_NAME = "$(TARGET_NAME)";
				SWIFT_EMIT_LOC_STRINGS = YES;
				SWIFT_VERSION = 5.0;
				TARGETED_DEVICE_FAMILY = "1,2";
			};
			name = Debug;
		};
		3F3B134B2BDA179F0050E439 /* Release */ = {
			isa = XCBuildConfiguration;
			buildSettings = {
				ASSETCATALOG_COMPILER_APPICON_NAME = AppIcon;
				ASSETCATALOG_COMPILER_GLOBAL_ACCENT_COLOR_NAME = AccentColor;
				CODE_SIGN_STYLE = Automatic;
				CURRENT_PROJECT_VERSION = 1;
				DEVELOPMENT_ASSET_PATHS = "\"Landmarks/Preview Content\"";
				ENABLE_PREVIEWS = YES;
				GENERATE_INFOPLIST_FILE = YES;
				INFOPLIST_KEY_UIApplicationSceneManifest_Generation = YES;
				INFOPLIST_KEY_UIApplicationSupportsIndirectInputEvents = YES;
				INFOPLIST_KEY_UILaunchScreen_Generation = YES;
				INFOPLIST_KEY_UISupportedInterfaceOrientations_iPad = "UIInterfaceOrientationPortrait UIInterfaceOrientationPortraitUpsideDown UIInterfaceOrientationLandscapeLeft UIInterfaceOrientationLandscapeRight";
				INFOPLIST_KEY_UISupportedInterfaceOrientations_iPhone = "UIInterfaceOrientationPortrait UIInterfaceOrientationLandscapeLeft UIInterfaceOrientationLandscapeRight";
				LD_RUNPATH_SEARCH_PATHS = (
					"$(inherited)",
					"@executable_path/Frameworks",
				);
				MARKETING_VERSION = 1.0;
				PRODUCT_BUNDLE_IDENTIFIER = Tutor.Landmarks;
				PRODUCT_NAME = "$(TARGET_NAME)";
				SWIFT_EMIT_LOC_STRINGS = YES;
				SWIFT_VERSION = 5.0;
				TARGETED_DEVICE_FAMILY = "1,2";
			};
			name = Release;
		};
		3F3B134D2BDA179F0050E439 /* Debug */ = {
			isa = XCBuildConfiguration;
			buildSettings = {
				ALWAYS_EMBED_SWIFT_STANDARD_LIBRARIES = YES;
				BUNDLE_LOADER = "$(TEST_HOST)";
				CODE_SIGN_STYLE = Automatic;
				CURRENT_PROJECT_VERSION = 1;
				GENERATE_INFOPLIST_FILE = YES;
				IPHONEOS_DEPLOYMENT_TARGET = 17.4;
				MARKETING_VERSION = 1.0;
				PRODUCT_BUNDLE_IDENTIFIER = Tutor.LandmarksTests;
				PRODUCT_NAME = "$(TARGET_NAME)";
				SWIFT_EMIT_LOC_STRINGS = NO;
				SWIFT_VERSION = 5.0;
				TARGETED_DEVICE_FAMILY = "1,2";
				TEST_HOST = "$(BUILT_PRODUCTS_DIR)/Landmarks.app/$(BUNDLE_EXECUTABLE_FOLDER_PATH)/Landmarks";
			};
			name = Debug;
		};
		3F3B134E2BDA179F0050E439 /* Release */ = {
			isa = XCBuildConfiguration;
			buildSettings = {
				ALWAYS_EMBED_SWIFT_STANDARD_LIBRARIES = YES;
				BUNDLE_LOADER = "$(TEST_HOST)";
				CODE_SIGN_STYLE = Automatic;
				CURRENT_PROJECT_VERSION = 1;
				GENERATE_INFOPLIST_FILE = YES;
				IPHONEOS_DEPLOYMENT_TARGET = 17.4;
				MARKETING_VERSION = 1.0;
				PRODUCT_BUNDLE_IDENTIFIER = Tutor.LandmarksTests;
				PRODUCT_NAME = "$(TARGET_NAME)";
				SWIFT_EMIT_LOC_STRINGS = NO;
				SWIFT_VERSION = 5.0;
				TARGETED_DEVICE_FAMILY = "1,2";
				TEST_HOST = "$(BUILT_PRODUCTS_DIR)/Landmarks.app/$(BUNDLE_EXECUTABLE_FOLDER_PATH)/Landmarks";
			};
			name = Release;
		};
		3F3B13502BDA179F0050E439 /* Debug */ = {
			isa = XCBuildConfiguration;
			buildSettings = {
				ALWAYS_EMBED_SWIFT_STANDARD_LIBRARIES = YES;
				CODE_SIGN_STYLE = Automatic;
				CURRENT_PROJECT_VERSION = 1;
				GENERATE_INFOPLIST_FILE = YES;
				MARKETING_VERSION = 1.0;
				PRODUCT_BUNDLE_IDENTIFIER = Tutor.LandmarksUITests;
				PRODUCT_NAME = "$(TARGET_NAME)";
				SWIFT_EMIT_LOC_STRINGS = NO;
				SWIFT_VERSION = 5.0;
				TARGETED_DEVICE_FAMILY = "1,2";
				TEST_TARGET_NAME = Landmarks;
			};
			name = Debug;
		};
		3F3B13512BDA179F0050E439 /* Release */ = {
			isa = XCBuildConfiguration;
			buildSettings = {
				ALWAYS_EMBED_SWIFT_STANDARD_LIBRARIES = YES;
				CODE_SIGN_STYLE = Automatic;
				CURRENT_PROJECT_VERSION = 1;
				GENERATE_INFOPLIST_FILE = YES;
				MARKETING_VERSION = 1.0;
				PRODUCT_BUNDLE_IDENTIFIER = Tutor.LandmarksUITests;
				PRODUCT_NAME = "$(TARGET_NAME)";
				SWIFT_EMIT_LOC_STRINGS = NO;
				SWIFT_VERSION = 5.0;
				TARGETED_DEVICE_FAMILY = "1,2";
				TEST_TARGET_NAME = Landmarks;
			};
			name = Release;
		};
/* End XCBuildConfiguration section */

/* Begin XCConfigurationList section */
		3F3B131E2BDA179E0050E439 /* Build configuration list for PBXProject "Landmarks" */ = {
			isa = XCConfigurationList;
			buildConfigurations = (
				3F3B13472BDA179F0050E439 /* Debug */,
				3F3B13482BDA179F0050E439 /* Release */,
			);
			defaultConfigurationIsVisible = 0;
			defaultConfigurationName = Release;
		};
		3F3B13492BDA179F0050E439 /* Build configuration list for PBXNativeTarget "Landmarks" */ = {
			isa = XCConfigurationList;
			buildConfigurations = (
				3F3B134A2BDA179F0050E439 /* Debug */,
				3F3B134B2BDA179F0050E439 /* Release */,
			);
			defaultConfigurationIsVisible = 0;
			defaultConfigurationName = Release;
		};
		3F3B134C2BDA179F0050E439 /* Build configuration list for PBXNativeTarget "LandmarksTests" */ = {
			isa = XCConfigurationList;
			buildConfigurations = (
				3F3B134D2BDA179F0050E439 /* Debug */,
				3F3B134E2BDA179F0050E439 /* Release */,
			);
			defaultConfigurationIsVisible = 0;
			defaultConfigurationName = Release;
		};
		3F3B134F2BDA179F0050E439 /* Build configuration list for PBXNativeTarget "LandmarksUITests" */ = {
			isa = XCConfigurationList;
			buildConfigurations = (
				3F3B13502BDA179F0050E439 /* Debug */,
				3F3B13512BDA179F0050E439 /* Release */,
			);
			defaultConfigurationIsVisible = 0;
			defaultConfigurationName = Release;
		};
/* End XCConfigurationList section */
	};
	rootObject = 3F3B131B2BDA179E0050E439 /* Project object */;
}
